
Microsoft Visual Studio Solution File, Format Version 12.00
# Visual Studio 15
VisualStudioVersion = 15.0.27004.2005
MinimumVisualStudioVersion = 10.0.40219.1
Project("{FAE04EC0-301F-11D3-BF4B-00C04F79EFBC}") = "LearnWebApi", "LearnWebApi\LearnWebApi.csproj", "{1731E0F3-456B-4519-8C45-940A96892D1A}"
EndProject
Global
	GlobalSection(SolutionConfigurationPlatforms) = preSolution
		Debug|Any CPU = Debug|Any CPU
		Release|Any CPU = Release|Any CPU
	EndGlobalSection
	GlobalSection(ProjectConfigurationPlatforms) = postSolution
		{1731E0F3-456B-4519-8C45-940A96892D1A}.Debug|Any CPU.ActiveCfg = Debug|Any CPU
		{1731E0F3-456B-4519-8C45-940A96892D1A}.Debug|Any CPU.Build.0 = Debug|Any CPU
		{1731E0F3-456B-4519-8C45-940A96892D1A}.Release|Any CPU.ActiveCfg = Release|Any CPU
		{1731E0F3-456B-4519-8C45-940A96892D1A}.Release|Any CPU.Build.0 = Release|Any CPU
	EndGlobalSection
	GlobalSection(SolutionProperties) = preSolution
		HideSolutionNode = FALSE
	EndGlobalSection
	GlobalSection(ExtensibilityGlobals) = postSolution
		SolutionGuid = {1CCB882B-00A5-4102-920E-EA957732DDE5}
	EndGlobalSection
EndGlobal
